
Microsoft Visual Studio Solution File, Format Version 12.00
# Visual Studio Version 17
VisualStudioVersion = 17.7.34221.43
MinimumVisualStudioVersion = 10.0.40219.1
Project("{9A19103F-16F7-4668-BE54-9A1E7A4F7556}") = "eSky.RecruitmentTask", "eSky.RecruitmentTask\eSky.RecruitmentTask.csproj", "{75EAAA0B-A917-46FD-9563-9DBE2BF1D69E}"
EndProject
Project("{9A19103F-16F7-4668-BE54-9A1E7A4F7556}") = "eSky.RecruitmentTask.Test", "eSky.RecruitmentTask.Test\eSky.RecruitmentTask.Test.csproj", "{920FCEAE-5E44-4D5B-AC11-7F343DB8DBE2}"
EndProject
Global
	GlobalSection(SolutionConfigurationPlatforms) = preSolution
		Debug|Any CPU = Debug|Any CPU
		Release|Any CPU = Release|Any CPU
	EndGlobalSection
	GlobalSection(ProjectConfigurationPlatforms) = postSolution
		{75EAAA0B-A917-46FD-9563-9DBE2BF1D69E}.Debug|Any CPU.ActiveCfg = Debug|Any CPU
		{75EAAA0B-A917-46FD-9563-9DBE2BF1D69E}.Debug|Any CPU.Build.0 = Debug|Any CPU
		{75EAAA0B-A917-46FD-9563-9DBE2BF1D69E}.Release|Any CPU.ActiveCfg = Release|Any CPU
		{75EAAA0B-A917-46FD-9563-9DBE2BF1D69E}.Release|Any CPU.Build.0 = Release|Any CPU
		{920FCEAE-5E44-4D5B-AC11-7F343DB8DBE2}.Debug|Any CPU.ActiveCfg = Debug|Any CPU
		{920FCEAE-5E44-4D5B-AC11-7F343DB8DBE2}.Debug|Any CPU.Build.0 = Debug|Any CPU
		{920FCEAE-5E44-4D5B-AC11-7F343DB8DBE2}.Release|Any CPU.ActiveCfg = Release|Any CPU
		{920FCEAE-5E44-4D5B-AC11-7F343DB8DBE2}.Release|Any CPU.Build.0 = Release|Any CPU
	EndGlobalSection
	GlobalSection(SolutionProperties) = preSolution
		HideSolutionNode = FALSE
	EndGlobalSection
	GlobalSection(ExtensibilityGlobals) = postSolution
		SolutionGuid = {A486BC8E-EDC1-4365-B259-9AD061909C5D}
	EndGlobalSection
EndGlobal
